// !$*UTF8*$!
{
	archiveVersion = 1;
	classes = {
	};
	objectVersion = 50;
	objects = {

/* Begin PBXBuildFile section */
		2BD0856FD3892BBF3BA7A202 /* Pods_UnsplashTests.framework in Frameworks */ = {isa = PBXBuildFile; fileRef = CC1C44637688D67BB91338E6 /* Pods_UnsplashTests.framework */; };
		347D05B2EC83AA02EE6234B6 /* Pods_Unsplash.framework in Frameworks */ = {isa = PBXBuildFile; fileRef = 5D98F3FC5E0DB669FEC24A27 /* Pods_Unsplash.framework */; };
		34F4F919C99C3E0493CB5762 /* Pods_Unsplash_UnsplashUITests.framework in Frameworks */ = {isa = PBXBuildFile; fileRef = AB87F67B64584BE44DED2D95 /* Pods_Unsplash_UnsplashUITests.framework */; };
		4BBDF81A24E0D8F300344C3C /* AppDelegate.swift in Sources */ = {isa = PBXBuildFile; fileRef = 4BBDF81924E0D8F300344C3C /* AppDelegate.swift */; };
		4BBDF81C24E0D8F300344C3C /* SceneDelegate.swift in Sources */ = {isa = PBXBuildFile; fileRef = 4BBDF81B24E0D8F300344C3C /* SceneDelegate.swift */; };
		4BBDF81E24E0D8F300344C3C /* ViewController.swift in Sources */ = {isa = PBXBuildFile; fileRef = 4BBDF81D24E0D8F300344C3C /* ViewController.swift */; };
		4BBDF82124E0D8F300344C3C /* Main.storyboard in Resources */ = {isa = PBXBuildFile; fileRef = 4BBDF81F24E0D8F300344C3C /* Main.storyboard */; };
		4BBDF82324E0D8F400344C3C /* Assets.xcassets in Resources */ = {isa = PBXBuildFile; fileRef = 4BBDF82224E0D8F400344C3C /* Assets.xcassets */; };
		4BBDF82624E0D8F400344C3C /* LaunchScreen.storyboard in Resources */ = {isa = PBXBuildFile; fileRef = 4BBDF82424E0D8F400344C3C /* LaunchScreen.storyboard */; };
		4BBDF83124E0D8F400344C3C /* UnsplashTests.swift in Sources */ = {isa = PBXBuildFile; fileRef = 4BBDF83024E0D8F400344C3C /* UnsplashTests.swift */; };
		4BBDF83C24E0D8F400344C3C /* UnsplashUITests.swift in Sources */ = {isa = PBXBuildFile; fileRef = 4BBDF83B24E0D8F400344C3C /* UnsplashUITests.swift */; };
/* End PBXBuildFile section */

/* Begin PBXContainerItemProxy section */
		4BBDF82D24E0D8F400344C3C /* PBXContainerItemProxy */ = {
			isa = PBXContainerItemProxy;
			containerPortal = 4BBDF80E24E0D8F300344C3C /* Project object */;
			proxyType = 1;
			remoteGlobalIDString = 4BBDF81524E0D8F300344C3C;
			remoteInfo = Unsplash;
		};
		4BBDF83824E0D8F400344C3C /* PBXContainerItemProxy */ = {
			isa = PBXContainerItemProxy;
			containerPortal = 4BBDF80E24E0D8F300344C3C /* Project object */;
			proxyType = 1;
			remoteGlobalIDString = 4BBDF81524E0D8F300344C3C;
			remoteInfo = Unsplash;
		};
/* End PBXContainerItemProxy section */

/* Begin PBXFileReference section */
		4BBDF81624E0D8F300344C3C /* Unsplash.app */ = {isa = PBXFileReference; explicitFileType = wrapper.application; includeInIndex = 0; path = Unsplash.app; sourceTree = BUILT_PRODUCTS_DIR; };
		4BBDF81924E0D8F300344C3C /* AppDelegate.swift */ = {isa = PBXFileReference; lastKnownFileType = sourcecode.swift; path = AppDelegate.swift; sourceTree = "<group>"; };
		4BBDF81B24E0D8F300344C3C /* SceneDelegate.swift */ = {isa = PBXFileReference; lastKnownFileType = sourcecode.swift; path = SceneDelegate.swift; sourceTree = "<group>"; };
		4BBDF81D24E0D8F300344C3C /* ViewController.swift */ = {isa = PBXFileReference; lastKnownFileType = sourcecode.swift; path = ViewController.swift; sourceTree = "<group>"; };
		4BBDF82024E0D8F300344C3C /* Base */ = {isa = PBXFileReference; lastKnownFileType = file.storyboard; name = Base; path = Base.lproj/Main.storyboard; sourceTree = "<group>"; };
		4BBDF82224E0D8F400344C3C /* Assets.xcassets */ = {isa = PBXFileReference; lastKnownFileType = folder.assetcatalog; path = Assets.xcassets; sourceTree = "<group>"; };
		4BBDF82524E0D8F400344C3C /* Base */ = {isa = PBXFileReference; lastKnownFileType = file.storyboard; name = Base; path = Base.lproj/LaunchScreen.storyboard; sourceTree = "<group>"; };
		4BBDF82724E0D8F400344C3C /* Info.plist */ = {isa = PBXFileReference; lastKnownFileType = text.plist.xml; path = Info.plist; sourceTree = "<group>"; };
		4BBDF82C24E0D8F400344C3C /* UnsplashTests.xctest */ = {isa = PBXFileReference; explicitFileType = wrapper.cfbundle; includeInIndex = 0; path = UnsplashTests.xctest; sourceTree = BUILT_PRODUCTS_DIR; };
		4BBDF83024E0D8F400344C3C /* UnsplashTests.swift */ = {isa = PBXFileReference; lastKnownFileType = sourcecode.swift; path = UnsplashTests.swift; sourceTree = "<group>"; };
		4BBDF83224E0D8F400344C3C /* Info.plist */ = {isa = PBXFileReference; lastKnownFileType = text.plist.xml; path = Info.plist; sourceTree = "<group>"; };
		4BBDF83724E0D8F400344C3C /* UnsplashUITests.xctest */ = {isa = PBXFileReference; explicitFileType = wrapper.cfbundle; includeInIndex = 0; path = UnsplashUITests.xctest; sourceTree = BUILT_PRODUCTS_DIR; };
		4BBDF83B24E0D8F400344C3C /* UnsplashUITests.swift */ = {isa = PBXFileReference; lastKnownFileType = sourcecode.swift; path = UnsplashUITests.swift; sourceTree = "<group>"; };
		4BBDF83D24E0D8F400344C3C /* Info.plist */ = {isa = PBXFileReference; lastKnownFileType = text.plist.xml; path = Info.plist; sourceTree = "<group>"; };
		59D80A6EBCE594AFFF7D4A95 /* Pods-Unsplash.debug.xcconfig */ = {isa = PBXFileReference; includeInIndex = 1; lastKnownFileType = text.xcconfig; name = "Pods-Unsplash.debug.xcconfig"; path = "Target Support Files/Pods-Unsplash/Pods-Unsplash.debug.xcconfig"; sourceTree = "<group>"; };
		5D98F3FC5E0DB669FEC24A27 /* Pods_Unsplash.framework */ = {isa = PBXFileReference; explicitFileType = wrapper.framework; includeInIndex = 0; path = Pods_Unsplash.framework; sourceTree = BUILT_PRODUCTS_DIR; };
		62DA543B3E9E17C443E52976 /* Pods-UnsplashTests.debug.xcconfig */ = {isa = PBXFileReference; includeInIndex = 1; lastKnownFileType = text.xcconfig; name = "Pods-UnsplashTests.debug.xcconfig"; path = "Target Support Files/Pods-UnsplashTests/Pods-UnsplashTests.debug.xcconfig"; sourceTree = "<group>"; };
		6EEDE28C502749944B072094 /* Pods-Unsplash-UnsplashUITests.debug.xcconfig */ = {isa = PBXFileReference; includeInIndex = 1; lastKnownFileType = text.xcconfig; name = "Pods-Unsplash-UnsplashUITests.debug.xcconfig"; path = "Target Support Files/Pods-Unsplash-UnsplashUITests/Pods-Unsplash-UnsplashUITests.debug.xcconfig"; sourceTree = "<group>"; };
		AB87F67B64584BE44DED2D95 /* Pods_Unsplash_UnsplashUITests.framework */ = {isa = PBXFileReference; explicitFileType = wrapper.framework; includeInIndex = 0; path = Pods_Unsplash_UnsplashUITests.framework; sourceTree = BUILT_PRODUCTS_DIR; };
		CC1C44637688D67BB91338E6 /* Pods_UnsplashTests.framework */ = {isa = PBXFileReference; explicitFileType = wrapper.framework; includeInIndex = 0; path = Pods_UnsplashTests.framework; sourceTree = BUILT_PRODUCTS_DIR; };
		D2CE4376FC91B2C2E15F06D0 /* Pods-UnsplashTests.release.xcconfig */ = {isa = PBXFileReference; includeInIndex = 1; lastKnownFileType = text.xcconfig; name = "Pods-UnsplashTests.release.xcconfig"; path = "Target Support Files/Pods-UnsplashTests/Pods-UnsplashTests.release.xcconfig"; sourceTree = "<group>"; };
		F62C038073F47BF139D59B3E /* Pods-Unsplash-UnsplashUITests.release.xcconfig */ = {isa = PBXFileReference; includeInIndex = 1; lastKnownFileType = text.xcconfig; name = "Pods-Unsplash-UnsplashUITests.release.xcconfig"; path = "Target Support Files/Pods-Unsplash-UnsplashUITests/Pods-Unsplash-UnsplashUITests.release.xcconfig"; sourceTree = "<group>"; };
		F94F8036AADA6E79EFCE386B /* Pods-Unsplash.release.xcconfig */ = {isa = PBXFileReference; includeInIndex = 1; lastKnownFileType = text.xcconfig; name = "Pods-Unsplash.release.xcconfig"; path = "Target Support Files/Pods-Unsplash/Pods-Unsplash.release.xcconfig"; sourceTree = "<group>"; };
/* End PBXFileReference section */

/* Begin PBXFrameworksBuildPhase section */
		4BBDF81324E0D8F300344C3C /* Frameworks */ = {
			isa = PBXFrameworksBuildPhase;
			buildActionMask = 2147483647;
			files = (
				347D05B2EC83AA02EE6234B6 /* Pods_Unsplash.framework in Frameworks */,
			);
			runOnlyForDeploymentPostprocessing = 0;
		};
		4BBDF82924E0D8F400344C3C /* Frameworks */ = {
			isa = PBXFrameworksBuildPhase;
			buildActionMask = 2147483647;
			files = (
				2BD0856FD3892BBF3BA7A202 /* Pods_UnsplashTests.framework in Frameworks */,
			);
			runOnlyForDeploymentPostprocessing = 0;
		};
		4BBDF83424E0D8F400344C3C /* Frameworks */ = {
			isa = PBXFrameworksBuildPhase;
			buildActionMask = 2147483647;
			files = (
				34F4F919C99C3E0493CB5762 /* Pods_Unsplash_UnsplashUITests.framework in Frameworks */,
			);
			runOnlyForDeploymentPostprocessing = 0;
		};
/* End PBXFrameworksBuildPhase section */

/* Begin PBXGroup section */
		4BBDF80D24E0D8F300344C3C = {
			isa = PBXGroup;
			children = (
				4BBDF81824E0D8F300344C3C /* Unsplash */,
				4BBDF82F24E0D8F400344C3C /* UnsplashTests */,
				4BBDF83A24E0D8F400344C3C /* UnsplashUITests */,
				4BBDF81724E0D8F300344C3C /* Products */,
				F406D48E70B1AABD15D9D9A1 /* Pods */,
				D426527A1094E93DE43F2214 /* Frameworks */,
			);
			sourceTree = "<group>";
		};
		4BBDF81724E0D8F300344C3C /* Products */ = {
			isa = PBXGroup;
			children = (
				4BBDF81624E0D8F300344C3C /* Unsplash.app */,
				4BBDF82C24E0D8F400344C3C /* UnsplashTests.xctest */,
				4BBDF83724E0D8F400344C3C /* UnsplashUITests.xctest */,
			);
			name = Products;
			sourceTree = "<group>";
		};
		4BBDF81824E0D8F300344C3C /* Unsplash */ = {
			isa = PBXGroup;
			children = (
				4BBDF81924E0D8F300344C3C /* AppDelegate.swift */,
				4BBDF81B24E0D8F300344C3C /* SceneDelegate.swift */,
				4BBDF81D24E0D8F300344C3C /* ViewController.swift */,
				4BBDF81F24E0D8F300344C3C /* Main.storyboard */,
				4BBDF82224E0D8F400344C3C /* Assets.xcassets */,
				4BBDF82424E0D8F400344C3C /* LaunchScreen.storyboard */,
				4BBDF82724E0D8F400344C3C /* Info.plist */,
			);
			path = Unsplash;
			sourceTree = "<group>";
		};
		4BBDF82F24E0D8F400344C3C /* UnsplashTests */ = {
			isa = PBXGroup;
			children = (
				4BBDF83024E0D8F400344C3C /* UnsplashTests.swift */,
				4BBDF83224E0D8F400344C3C /* Info.plist */,
			);
			path = UnsplashTests;
			sourceTree = "<group>";
		};
		4BBDF83A24E0D8F400344C3C /* UnsplashUITests */ = {
			isa = PBXGroup;
			children = (
				4BBDF83B24E0D8F400344C3C /* UnsplashUITests.swift */,
				4BBDF83D24E0D8F400344C3C /* Info.plist */,
			);
			path = UnsplashUITests;
			sourceTree = "<group>";
		};
		D426527A1094E93DE43F2214 /* Frameworks */ = {
			isa = PBXGroup;
			children = (
				5D98F3FC5E0DB669FEC24A27 /* Pods_Unsplash.framework */,
				AB87F67B64584BE44DED2D95 /* Pods_Unsplash_UnsplashUITests.framework */,
				CC1C44637688D67BB91338E6 /* Pods_UnsplashTests.framework */,
			);
			name = Frameworks;
			sourceTree = "<group>";
		};
		F406D48E70B1AABD15D9D9A1 /* Pods */ = {
			isa = PBXGroup;
			children = (
				59D80A6EBCE594AFFF7D4A95 /* Pods-Unsplash.debug.xcconfig */,
				F94F8036AADA6E79EFCE386B /* Pods-Unsplash.release.xcconfig */,
				6EEDE28C502749944B072094 /* Pods-Unsplash-UnsplashUITests.debug.xcconfig */,
				F62C038073F47BF139D59B3E /* Pods-Unsplash-UnsplashUITests.release.xcconfig */,
				62DA543B3E9E17C443E52976 /* Pods-UnsplashTests.debug.xcconfig */,
				D2CE4376FC91B2C2E15F06D0 /* Pods-UnsplashTests.release.xcconfig */,
			);
			name = Pods;
			path = Pods;
			sourceTree = "<group>";
		};
/* End PBXGroup section */

/* Begin PBXNativeTarget section */
		4BBDF81524E0D8F300344C3C /* Unsplash */ = {
			isa = PBXNativeTarget;
			buildConfigurationList = 4BBDF84024E0D8F400344C3C /* Build configuration list for PBXNativeTarget "Unsplash" */;
			buildPhases = (
				A14DA8BBB04A7D44FCC7E705 /* [CP] Check Pods Manifest.lock */,
				4BBDF81224E0D8F300344C3C /* Sources */,
				4BBDF81324E0D8F300344C3C /* Frameworks */,
				4BBDF81424E0D8F300344C3C /* Resources */,
				6725D05AD70999DF66BCB8B0 /* [CP] Embed Pods Frameworks */,
			);
			buildRules = (
			);
			dependencies = (
			);
			name = Unsplash;
			productName = Unsplash;
			productReference = 4BBDF81624E0D8F300344C3C /* Unsplash.app */;
			productType = "com.apple.product-type.application";
		};
		4BBDF82B24E0D8F400344C3C /* UnsplashTests */ = {
			isa = PBXNativeTarget;
			buildConfigurationList = 4BBDF84324E0D8F400344C3C /* Build configuration list for PBXNativeTarget "UnsplashTests" */;
			buildPhases = (
				256F76453A4AB5DA644ADA6D /* [CP] Check Pods Manifest.lock */,
				4BBDF82824E0D8F400344C3C /* Sources */,
				4BBDF82924E0D8F400344C3C /* Frameworks */,
				4BBDF82A24E0D8F400344C3C /* Resources */,
			);
			buildRules = (
			);
			dependencies = (
				4BBDF82E24E0D8F400344C3C /* PBXTargetDependency */,
			);
			name = UnsplashTests;
			productName = UnsplashTests;
			productReference = 4BBDF82C24E0D8F400344C3C /* UnsplashTests.xctest */;
			productType = "com.apple.product-type.bundle.unit-test";
		};
		4BBDF83624E0D8F400344C3C /* UnsplashUITests */ = {
			isa = PBXNativeTarget;
			buildConfigurationList = 4BBDF84624E0D8F400344C3C /* Build configuration list for PBXNativeTarget "UnsplashUITests" */;
			buildPhases = (
				B8EC3287F2DD97C3A0154B51 /* [CP] Check Pods Manifest.lock */,
				4BBDF83324E0D8F400344C3C /* Sources */,
				4BBDF83424E0D8F400344C3C /* Frameworks */,
				4BBDF83524E0D8F400344C3C /* Resources */,
				451A273A1D73C2BF4A2137F0 /* [CP] Embed Pods Frameworks */,
			);
			buildRules = (
			);
			dependencies = (
				4BBDF83924E0D8F400344C3C /* PBXTargetDependency */,
			);
			name = UnsplashUITests;
			productName = UnsplashUITests;
			productReference = 4BBDF83724E0D8F400344C3C /* UnsplashUITests.xctest */;
			productType = "com.apple.product-type.bundle.ui-testing";
		};
/* End PBXNativeTarget section */

/* Begin PBXProject section */
		4BBDF80E24E0D8F300344C3C /* Project object */ = {
			isa = PBXProject;
			attributes = {
				LastSwiftUpdateCheck = 1150;
				LastUpgradeCheck = 1150;
				ORGANIZATIONNAME = mmxsound;
				TargetAttributes = {
					4BBDF81524E0D8F300344C3C = {
						CreatedOnToolsVersion = 11.5;
					};
					4BBDF82B24E0D8F400344C3C = {
						CreatedOnToolsVersion = 11.5;
						TestTargetID = 4BBDF81524E0D8F300344C3C;
					};
					4BBDF83624E0D8F400344C3C = {
						CreatedOnToolsVersion = 11.5;
						TestTargetID = 4BBDF81524E0D8F300344C3C;
					};
				};
			};
			buildConfigurationList = 4BBDF81124E0D8F300344C3C /* Build configuration list for PBXProject "Unsplash" */;
			compatibilityVersion = "Xcode 9.3";
			developmentRegion = en;
			hasScannedForEncodings = 0;
			knownRegions = (
				en,
				Base,
			);
			mainGroup = 4BBDF80D24E0D8F300344C3C;
			productRefGroup = 4BBDF81724E0D8F300344C3C /* Products */;
			projectDirPath = "";
			projectRoot = "";
			targets = (
				4BBDF81524E0D8F300344C3C /* Unsplash */,
				4BBDF82B24E0D8F400344C3C /* UnsplashTests */,
				4BBDF83624E0D8F400344C3C /* UnsplashUITests */,
			);
		};
/* End PBXProject section */

/* Begin PBXResourcesBuildPhase section */
		4BBDF81424E0D8F300344C3C /* Resources */ = {
			isa = PBXResourcesBuildPhase;
			buildActionMask = 2147483647;
			files = (
				4BBDF82624E0D8F400344C3C /* LaunchScreen.storyboard in Resources */,
				4BBDF82324E0D8F400344C3C /* Assets.xcassets in Resources */,
				4BBDF82124E0D8F300344C3C /* Main.storyboard in Resources */,
			);
			runOnlyForDeploymentPostprocessing = 0;
		};
		4BBDF82A24E0D8F400344C3C /* Resources */ = {
			isa = PBXResourcesBuildPhase;
			buildActionMask = 2147483647;
			files = (
			);
			runOnlyForDeploymentPostprocessing = 0;
		};
		4BBDF83524E0D8F400344C3C /* Resources */ = {
			isa = PBXResourcesBuildPhase;
			buildActionMask = 2147483647;
			files = (
			);
			runOnlyForDeploymentPostprocessing = 0;
		};
/* End PBXResourcesBuildPhase section */

/* Begin PBXShellScriptBuildPhase section */
		256F76453A4AB5DA644ADA6D /* [CP] Check Pods Manifest.lock */ = {
			isa = PBXShellScriptBuildPhase;
			buildActionMask = 2147483647;
			files = (
			);
			inputFileListPaths = (
			);
			inputPaths = (
				"${PODS_PODFILE_DIR_PATH}/Podfile.lock",
				"${PODS_ROOT}/Manifest.lock",
			);
			name = "[CP] Check Pods Manifest.lock";
			outputFileListPaths = (
			);
			outputPaths = (
				"$(DERIVED_FILE_DIR)/Pods-UnsplashTests-checkManifestLockResult.txt",
			);
			runOnlyForDeploymentPostprocessing = 0;
			shellPath = /bin/sh;
			shellScript = "diff \"${PODS_PODFILE_DIR_PATH}/Podfile.lock\" \"${PODS_ROOT}/Manifest.lock\" > /dev/null\nif [ $? != 0 ] ; then\n    # print error to STDERR\n    echo \"error: The sandbox is not in sync with the Podfile.lock. Run 'pod install' or update your CocoaPods installation.\" >&2\n    exit 1\nfi\n# This output is used by Xcode 'outputs' to avoid re-running this script phase.\necho \"SUCCESS\" > \"${SCRIPT_OUTPUT_FILE_0}\"\n";
			showEnvVarsInLog = 0;
		};
		451A273A1D73C2BF4A2137F0 /* [CP] Embed Pods Frameworks */ = {
			isa = PBXShellScriptBuildPhase;
			buildActionMask = 2147483647;
			files = (
			);
			inputFileListPaths = (
				"${PODS_ROOT}/Target Support Files/Pods-Unsplash-UnsplashUITests/Pods-Unsplash-UnsplashUITests-frameworks-${CONFIGURATION}-input-files.xcfilelist",
			);
			name = "[CP] Embed Pods Frameworks";
			outputFileListPaths = (
				"${PODS_ROOT}/Target Support Files/Pods-Unsplash-UnsplashUITests/Pods-Unsplash-UnsplashUITests-frameworks-${CONFIGURATION}-output-files.xcfilelist",
			);
			runOnlyForDeploymentPostprocessing = 0;
			shellPath = /bin/sh;
			shellScript = "\"${PODS_ROOT}/Target Support Files/Pods-Unsplash-UnsplashUITests/Pods-Unsplash-UnsplashUITests-frameworks.sh\"\n";
			showEnvVarsInLog = 0;
		};
		6725D05AD70999DF66BCB8B0 /* [CP] Embed Pods Frameworks */ = {
			isa = PBXShellScriptBuildPhase;
			buildActionMask = 2147483647;
			files = (
			);
			inputFileListPaths = (
				"${PODS_ROOT}/Target Support Files/Pods-Unsplash/Pods-Unsplash-frameworks-${CONFIGURATION}-input-files.xcfilelist",
			);
			name = "[CP] Embed Pods Frameworks";
			outputFileListPaths = (
				"${PODS_ROOT}/Target Support Files/Pods-Unsplash/Pods-Unsplash-frameworks-${CONFIGURATION}-output-files.xcfilelist",
			);
			runOnlyForDeploymentPostprocessing = 0;
			shellPath = /bin/sh;
			shellScript = "\"${PODS_ROOT}/Target Support Files/Pods-Unsplash/Pods-Unsplash-frameworks.sh\"\n";
			showEnvVarsInLog = 0;
		};
		A14DA8BBB04A7D44FCC7E705 /* [CP] Check Pods Manifest.lock */ = {
			isa = PBXShellScriptBuildPhase;
			buildActionMask = 2147483647;
			files = (
			);
			inputFileListPaths = (
			);
			inputPaths = (
				"${PODS_PODFILE_DIR_PATH}/Podfile.lock",
				"${PODS_ROOT}/Manifest.lock",
			);
			name = "[CP] Check Pods Manifest.lock";
			outputFileListPaths = (
			);
			outputPaths = (
				"$(DERIVED_FILE_DIR)/Pods-Unsplash-checkManifestLockResult.txt",
			);
			runOnlyForDeploymentPostprocessing = 0;
			shellPath = /bin/sh;
			shellScript = "diff \"${PODS_PODFILE_DIR_PATH}/Podfile.lock\" \"${PODS_ROOT}/Manifest.lock\" > /dev/null\nif [ $? != 0 ] ; then\n    # print error to STDERR\n    echo \"error: The sandbox is not in sync with the Podfile.lock. Run 'pod install' or update your CocoaPods installation.\" >&2\n    exit 1\nfi\n# This output is used by Xcode 'outputs' to avoid re-running this script phase.\necho \"SUCCESS\" > \"${SCRIPT_OUTPUT_FILE_0}\"\n";
			showEnvVarsInLog = 0;
		};
		B8EC3287F2DD97C3A0154B51 /* [CP] Check Pods Manifest.lock */ = {
			isa = PBXShellScriptBuildPhase;
			buildActionMask = 2147483647;
			files = (
			);
			inputFileListPaths = (
			);
			inputPaths = (
				"${PODS_PODFILE_DIR_PATH}/Podfile.lock",
				"${PODS_ROOT}/Manifest.lock",
			);
			name = "[CP] Check Pods Manifest.lock";
			outputFileListPaths = (
			);
			outputPaths = (
				"$(DERIVED_FILE_DIR)/Pods-Unsplash-UnsplashUITests-checkManifestLockResult.txt",
			);
			runOnlyForDeploymentPostprocessing = 0;
			shellPath = /bin/sh;
			shellScript = "diff \"${PODS_PODFILE_DIR_PATH}/Podfile.lock\" \"${PODS_ROOT}/Manifest.lock\" > /dev/null\nif [ $? != 0 ] ; then\n    # print error to STDERR\n    echo \"error: The sandbox is not in sync with the Podfile.lock. Run 'pod install' or update your CocoaPods installation.\" >&2\n    exit 1\nfi\n# This output is used by Xcode 'outputs' to avoid re-running this script phase.\necho \"SUCCESS\" > \"${SCRIPT_OUTPUT_FILE_0}\"\n";
			showEnvVarsInLog = 0;
		};
/* End PBXShellScriptBuildPhase section */

/* Begin PBXSourcesBuildPhase section */
		4BBDF81224E0D8F300344C3C /* Sources */ = {
			isa = PBXSourcesBuildPhase;
			buildActionMask = 2147483647;
			files = (
				4BBDF81E24E0D8F300344C3C /* ViewController.swift in Sources */,
				4BBDF81A24E0D8F300344C3C /* AppDelegate.swift in Sources */,
				4BBDF81C24E0D8F300344C3C /* SceneDelegate.swift in Sources */,
			);
			runOnlyForDeploymentPostprocessing = 0;
		};
		4BBDF82824E0D8F400344C3C /* Sources */ = {
			isa = PBXSourcesBuildPhase;
			buildActionMask = 2147483647;
			files = (
				4BBDF83124E0D8F400344C3C /* UnsplashTests.swift in Sources */,
			);
			runOnlyForDeploymentPostprocessing = 0;
		};
		4BBDF83324E0D8F400344C3C /* Sources */ = {
			isa = PBXSourcesBuildPhase;
			buildActionMask = 2147483647;
			files = (
				4BBDF83C24E0D8F400344C3C /* UnsplashUITests.swift in Sources */,
			);
			runOnlyForDeploymentPostprocessing = 0;
		};
/* End PBXSourcesBuildPhase section */

/* Begin PBXTargetDependency section */
		4BBDF82E24E0D8F400344C3C /* PBXTargetDependency */ = {
			isa = PBXTargetDependency;
			target = 4BBDF81524E0D8F300344C3C /* Unsplash */;
			targetProxy = 4BBDF82D24E0D8F400344C3C /* PBXContainerItemProxy */;
		};
		4BBDF83924E0D8F400344C3C /* PBXTargetDependency */ = {
			isa = PBXTargetDependency;
			target = 4BBDF81524E0D8F300344C3C /* Unsplash */;
			targetProxy = 4BBDF83824E0D8F400344C3C /* PBXContainerItemProxy */;
		};
/* End PBXTargetDependency section */

/* Begin PBXVariantGroup section */
		4BBDF81F24E0D8F300344C3C /* Main.storyboard */ = {
			isa = PBXVariantGroup;
			children = (
				4BBDF82024E0D8F300344C3C /* Base */,
			);
			name = Main.storyboard;
			sourceTree = "<group>";
		};
		4BBDF82424E0D8F400344C3C /* LaunchScreen.storyboard */ = {
			isa = PBXVariantGroup;
			children = (
				4BBDF82524E0D8F400344C3C /* Base */,
			);
			name = LaunchScreen.storyboard;
			sourceTree = "<group>";
		};
/* End PBXVariantGroup section */

/* Begin XCBuildConfiguration section */
		4BBDF83E24E0D8F400344C3C /* Debug */ = {
			isa = XCBuildConfiguration;
			buildSettings = {
				ALWAYS_SEARCH_USER_PATHS = NO;
				CLANG_ANALYZER_NONNULL = YES;
				CLANG_ANALYZER_NUMBER_OBJECT_CONVERSION = YES_AGGRESSIVE;
				CLANG_CXX_LANGUAGE_STANDARD = "gnu++14";
				CLANG_CXX_LIBRARY = "libc++";
				CLANG_ENABLE_MODULES = YES;
				CLANG_ENABLE_OBJC_ARC = YES;
				CLANG_ENABLE_OBJC_WEAK = YES;
				CLANG_WARN_BLOCK_CAPTURE_AUTORELEASING = YES;
				CLANG_WARN_BOOL_CONVERSION = YES;
				CLANG_WARN_COMMA = YES;
				CLANG_WARN_CONSTANT_CONVERSION = YES;
				CLANG_WARN_DEPRECATED_OBJC_IMPLEMENTATIONS = YES;
				CLANG_WARN_DIRECT_OBJC_ISA_USAGE = YES_ERROR;
				CLANG_WARN_DOCUMENTATION_COMMENTS = YES;
				CLANG_WARN_EMPTY_BODY = YES;
				CLANG_WARN_ENUM_CONVERSION = YES;
				CLANG_WARN_INFINITE_RECURSION = YES;
				CLANG_WARN_INT_CONVERSION = YES;
				CLANG_WARN_NON_LITERAL_NULL_CONVERSION = YES;
				CLANG_WARN_OBJC_IMPLICIT_RETAIN_SELF = YES;
				CLANG_WARN_OBJC_LITERAL_CONVERSION = YES;
				CLANG_WARN_OBJC_ROOT_CLASS = YES_ERROR;
				CLANG_WARN_RANGE_LOOP_ANALYSIS = YES;
				CLANG_WARN_STRICT_PROTOTYPES = YES;
				CLANG_WARN_SUSPICIOUS_MOVE = YES;
				CLANG_WARN_UNGUARDED_AVAILABILITY = YES_AGGRESSIVE;
				CLANG_WARN_UNREACHABLE_CODE = YES;
				CLANG_WARN__DUPLICATE_METHOD_MATCH = YES;
				COPY_PHASE_STRIP = NO;
				DEBUG_INFORMATION_FORMAT = dwarf;
				ENABLE_STRICT_OBJC_MSGSEND = YES;
				ENABLE_TESTABILITY = YES;
				GCC_C_LANGUAGE_STANDARD = gnu11;
				GCC_DYNAMIC_NO_PIC = NO;
				GCC_NO_COMMON_BLOCKS = YES;
				GCC_OPTIMIZATION_LEVEL = 0;
				GCC_PREPROCESSOR_DEFINITIONS = (
					"DEBUG=1",
					"$(inherited)",
				);
				GCC_WARN_64_TO_32_BIT_CONVERSION = YES;
				GCC_WARN_ABOUT_RETURN_TYPE = YES_ERROR;
				GCC_WARN_UNDECLARED_SELECTOR = YES;
				GCC_WARN_UNINITIALIZED_AUTOS = YES_AGGRESSIVE;
				GCC_WARN_UNUSED_FUNCTION = YES;
				GCC_WARN_UNUSED_VARIABLE = YES;
				IPHONEOS_DEPLOYMENT_TARGET = 13.5;
				MTL_ENABLE_DEBUG_INFO = INCLUDE_SOURCE;
				MTL_FAST_MATH = YES;
				ONLY_ACTIVE_ARCH = YES;
				SDKROOT = iphoneos;
				SWIFT_ACTIVE_COMPILATION_CONDITIONS = DEBUG;
				SWIFT_OPTIMIZATION_LEVEL = "-Onone";
			};
			name = Debug;
		};
		4BBDF83F24E0D8F400344C3C /* Release */ = {
			isa = XCBuildConfiguration;
			buildSettings = {
				ALWAYS_SEARCH_USER_PATHS = NO;
				CLANG_ANALYZER_NONNULL = YES;
				CLANG_ANALYZER_NUMBER_OBJECT_CONVERSION = YES_AGGRESSIVE;
				CLANG_CXX_LANGUAGE_STANDARD = "gnu++14";
				CLANG_CXX_LIBRARY = "libc++";
				CLANG_ENABLE_MODULES = YES;
				CLANG_ENABLE_OBJC_ARC = YES;
				CLANG_ENABLE_OBJC_WEAK = YES;
				CLANG_WARN_BLOCK_CAPTURE_AUTORELEASING = YES;
				CLANG_WARN_BOOL_CONVERSION = YES;
				CLANG_WARN_COMMA = YES;
				CLANG_WARN_CONSTANT_CONVERSION = YES;
				CLANG_WARN_DEPRECATED_OBJC_IMPLEMENTATIONS = YES;
				CLANG_WARN_DIRECT_OBJC_ISA_USAGE = YES_ERROR;
				CLANG_WARN_DOCUMENTATION_COMMENTS = YES;
				CLANG_WARN_EMPTY_BODY = YES;
				CLANG_WARN_ENUM_CONVERSION = YES;
				CLANG_WARN_INFINITE_RECURSION = YES;
				CLANG_WARN_INT_CONVERSION = YES;
				CLANG_WARN_NON_LITERAL_NULL_CONVERSION = YES;
				CLANG_WARN_OBJC_IMPLICIT_RETAIN_SELF = YES;
				CLANG_WARN_OBJC_LITERAL_CONVERSION = YES;
				CLANG_WARN_OBJC_ROOT_CLASS = YES_ERROR;
				CLANG_WARN_RANGE_LOOP_ANALYSIS = YES;
				CLANG_WARN_STRICT_PROTOTYPES = YES;
				CLANG_WARN_SUSPICIOUS_MOVE = YES;
				CLANG_WARN_UNGUARDED_AVAILABILITY = YES_AGGRESSIVE;
				CLANG_WARN_UNREACHABLE_CODE = YES;
				CLANG_WARN__DUPLICATE_METHOD_MATCH = YES;
				COPY_PHASE_STRIP = NO;
				DEBUG_INFORMATION_FORMAT = "dwarf-with-dsym";
				ENABLE_NS_ASSERTIONS = NO;
				ENABLE_STRICT_OBJC_MSGSEND = YES;
				GCC_C_LANGUAGE_STANDARD = gnu11;
				GCC_NO_COMMON_BLOCKS = YES;
				GCC_WARN_64_TO_32_BIT_CONVERSION = YES;
				GCC_WARN_ABOUT_RETURN_TYPE = YES_ERROR;
				GCC_WARN_UNDECLARED_SELECTOR = YES;
				GCC_WARN_UNINITIALIZED_AUTOS = YES_AGGRESSIVE;
				GCC_WARN_UNUSED_FUNCTION = YES;
				GCC_WARN_UNUSED_VARIABLE = YES;
				IPHONEOS_DEPLOYMENT_TARGET = 13.5;
				MTL_ENABLE_DEBUG_INFO = NO;
				MTL_FAST_MATH = YES;
				SDKROOT = iphoneos;
				SWIFT_COMPILATION_MODE = wholemodule;
				SWIFT_OPTIMIZATION_LEVEL = "-O";
				VALIDATE_PRODUCT = YES;
			};
			name = Release;
		};
		4BBDF84124E0D8F400344C3C /* Debug */ = {
			isa = XCBuildConfiguration;
			baseConfigurationReference = 59D80A6EBCE594AFFF7D4A95 /* Pods-Unsplash.debug.xcconfig */;
			buildSettings = {
				ASSETCATALOG_COMPILER_APPICON_NAME = AppIcon;
				CODE_SIGN_STYLE = Automatic;
				INFOPLIST_FILE = Unsplash/Info.plist;
				LD_RUNPATH_SEARCH_PATHS = (
					"$(inherited)",
					"@executable_path/Frameworks",
				);
				PRODUCT_BUNDLE_IDENTIFIER = com.mmxsound.Unsplash;
				PRODUCT_NAME = "$(TARGET_NAME)";
				SWIFT_VERSION = 5.0;
				TARGETED_DEVICE_FAMILY = "1,2";
			};
			name = Debug;
		};
		4BBDF84224E0D8F400344C3C /* Release */ = {
			isa = XCBuildConfiguration;
			baseConfigurationReference = F94F8036AADA6E79EFCE386B /* Pods-Unsplash.release.xcconfig */;
			buildSettings = {
				ASSETCATALOG_COMPILER_APPICON_NAME = AppIcon;
				CODE_SIGN_STYLE = Automatic;
				INFOPLIST_FILE = Unsplash/Info.plist;
				LD_RUNPATH_SEARCH_PATHS = (
					"$(inherited)",
					"@executable_path/Frameworks",
				);
				PRODUCT_BUNDLE_IDENTIFIER = com.mmxsound.Unsplash;
				PRODUCT_NAME = "$(TARGET_NAME)";
				SWIFT_VERSION = 5.0;
				TARGETED_DEVICE_FAMILY = "1,2";
			};
			name = Release;
		};
		4BBDF84424E0D8F400344C3C /* Debug */ = {
			isa = XCBuildConfiguration;
			baseConfigurationReference = 62DA543B3E9E17C443E52976 /* Pods-UnsplashTests.debug.xcconfig */;
			buildSettings = {
				ALWAYS_EMBED_SWIFT_STANDARD_LIBRARIES = YES;
				BUNDLE_LOADER = "$(TEST_HOST)";
				CODE_SIGN_STYLE = Automatic;
				INFOPLIST_FILE = UnsplashTests/Info.plist;
				IPHONEOS_DEPLOYMENT_TARGET = 13.5;
				LD_RUNPATH_SEARCH_PATHS = (
					"$(inherited)",
					"@executable_path/Frameworks",
					"@loader_path/Frameworks",
				);
				PRODUCT_BUNDLE_IDENTIFIER = com.mmxsound.UnsplashTests;
				PRODUCT_NAME = "$(TARGET_NAME)";
				SWIFT_VERSION = 5.0;
				TARGETED_DEVICE_FAMILY = "1,2";
				TEST_HOST = "$(BUILT_PRODUCTS_DIR)/Unsplash.app/Unsplash";
			};
			name = Debug;
		};
		4BBDF84524E0D8F400344C3C /* Release */ = {
			isa = XCBuildConfiguration;
			baseConfigurationReference = D2CE4376FC91B2C2E15F06D0 /* Pods-UnsplashTests.release.xcconfig */;
			buildSettings = {
				ALWAYS_EMBED_SWIFT_STANDARD_LIBRARIES = YES;
				BUNDLE_LOADER = "$(TEST_HOST)";
				CODE_SIGN_STYLE = Automatic;
				INFOPLIST_FILE = UnsplashTests/Info.plist;
				IPHONEOS_DEPLOYMENT_TARGET = 13.5;
				LD_RUNPATH_SEARCH_PATHS = (
					"$(inherited)",
					"@executable_path/Frameworks",
					"@loader_path/Frameworks",
				);
				PRODUCT_BUNDLE_IDENTIFIER = com.mmxsound.UnsplashTests;
				PRODUCT_NAME = "$(TARGET_NAME)";
				SWIFT_VERSION = 5.0;
				TARGETED_DEVICE_FAMILY = "1,2";
				TEST_HOST = "$(BUILT_PRODUCTS_DIR)/Unsplash.app/Unsplash";
			};
			name = Release;
		};
		4BBDF84724E0D8F400344C3C /* Debug */ = {
			isa = XCBuildConfiguration;
			baseConfigurationReference = 6EEDE28C502749944B072094 /* Pods-Unsplash-UnsplashUITests.debug.xcconfig */;
			buildSettings = {
				ALWAYS_EMBED_SWIFT_STANDARD_LIBRARIES = YES;
				CODE_SIGN_STYLE = Automatic;
				INFOPLIST_FILE = UnsplashUITests/Info.plist;
				LD_RUNPATH_SEARCH_PATHS = (
					"$(inherited)",
					"@executable_path/Frameworks",
					"@loader_path/Frameworks",
				);
				PRODUCT_BUNDLE_IDENTIFIER = com.mmxsound.UnsplashUITests;
				PRODUCT_NAME = "$(TARGET_NAME)";
				SWIFT_VERSION = 5.0;
				TARGETED_DEVICE_FAMILY = "1,2";
				TEST_TARGET_NAME = Unsplash;
			};
			name = Debug;
		};
		4BBDF84824E0D8F400344C3C /* Release */ = {
			isa = XCBuildConfiguration;
			baseConfigurationReference = F62C038073F47BF139D59B3E /* Pods-Unsplash-UnsplashUITests.release.xcconfig */;
			buildSettings = {
				ALWAYS_EMBED_SWIFT_STANDARD_LIBRARIES = YES;
				CODE_SIGN_STYLE = Automatic;
				INFOPLIST_FILE = UnsplashUITests/Info.plist;
				LD_RUNPATH_SEARCH_PATHS = (
					"$(inherited)",
					"@executable_path/Frameworks",
					"@loader_path/Frameworks",
				);
				PRODUCT_BUNDLE_IDENTIFIER = com.mmxsound.UnsplashUITests;
				PRODUCT_NAME = "$(TARGET_NAME)";
				SWIFT_VERSION = 5.0;
				TARGETED_DEVICE_FAMILY = "1,2";
				TEST_TARGET_NAME = Unsplash;
			};
			name = Release;
		};
/* End XCBuildConfiguration section */

/* Begin XCConfigurationList section */
		4BBDF81124E0D8F300344C3C /* Build configuration list for PBXProject "Unsplash" */ = {
			isa = XCConfigurationList;
			buildConfigurations = (
				4BBDF83E24E0D8F400344C3C /* Debug */,
				4BBDF83F24E0D8F400344C3C /* Release */,
			);
			defaultConfigurationIsVisible = 0;
			defaultConfigurationName = Release;
		};
		4BBDF84024E0D8F400344C3C /* Build configuration list for PBXNativeTarget "Unsplash" */ = {
			isa = XCConfigurationList;
			buildConfigurations = (
				4BBDF84124E0D8F400344C3C /* Debug */,
				4BBDF84224E0D8F400344C3C /* Release */,
			);
			defaultConfigurationIsVisible = 0;
			defaultConfigurationName = Release;
		};
		4BBDF84324E0D8F400344C3C /* Build configuration list for PBXNativeTarget "UnsplashTests" */ = {
			isa = XCConfigurationList;
			buildConfigurations = (
				4BBDF84424E0D8F400344C3C /* Debug */,
				4BBDF84524E0D8F400344C3C /* Release */,
			);
			defaultConfigurationIsVisible = 0;
			defaultConfigurationName = Release;
		};
		4BBDF84624E0D8F400344C3C /* Build configuration list for PBXNativeTarget "UnsplashUITests" */ = {
			isa = XCConfigurationList;
			buildConfigurations = (
				4BBDF84724E0D8F400344C3C /* Debug */,
				4BBDF84824E0D8F400344C3C /* Release */,
			);
			defaultConfigurationIsVisible = 0;
			defaultConfigurationName = Release;
		};
/* End XCConfigurationList section */
	};
	rootObject = 4BBDF80E24E0D8F300344C3C /* Project object */;
}
